
Microsoft Visual Studio Solution File, Format Version 12.00
# Visual Studio Version 16
VisualStudioVersion = 16.0.29709.97
MinimumVisualStudioVersion = 10.0.40219.1
Project("{FAE04EC0-301F-11D3-BF4B-00C04F79EFBC}") = "Planets", "Planets\Planets.csproj", "{D38FC184-6231-45C6-8555-F77ED7C23C25}"
EndProject
Global
	GlobalSection(SolutionConfigurationPlatforms) = preSolution
		Debug|Any CPU = Debug|Any CPU
		Release|Any CPU = Release|Any CPU
	EndGlobalSection
	GlobalSection(ProjectConfigurationPlatforms) = postSolution
		{D38FC184-6231-45C6-8555-F77ED7C23C25}.Debug|Any CPU.ActiveCfg = Debug|Any CPU
		{D38FC184-6231-45C6-8555-F77ED7C23C25}.Debug|Any CPU.Build.0 = Debug|Any CPU
		{D38FC184-6231-45C6-8555-F77ED7C23C25}.Release|Any CPU.ActiveCfg = Release|Any CPU
		{D38FC184-6231-45C6-8555-F77ED7C23C25}.Release|Any CPU.Build.0 = Release|Any CPU
	EndGlobalSection
	GlobalSection(SolutionProperties) = preSolution
		HideSolutionNode = FALSE
	EndGlobalSection
	GlobalSection(ExtensibilityGlobals) = postSolution
		SolutionGuid = {EC64BF5B-9DD7-485D-AF7B-5D48BB4A5099}
	EndGlobalSection
EndGlobal
